// !$*UTF8*$!
{
	archiveVersion = 1;
	classes = {
	};
	objectVersion = 46;
	objects = {

/* Begin PBXBuildFile section */
		E809FB7416D269680059C97F /* Submission.cpp in Sources */ = {isa = PBXBuildFile; fileRef = E809FB7216D269680059C97F /* Submission.cpp */; };
		E809FB7716D2728C0059C97F /* SubmissionProcessor.cpp in Sources */ = {isa = PBXBuildFile; fileRef = E809FB7516D2728C0059C97F /* SubmissionProcessor.cpp */; };
		E809FB7B16D3A8E00059C97F /* PseudoDataProvider.cpp in Sources */ = {isa = PBXBuildFile; fileRef = E809FB7916D3A8E00059C97F /* PseudoDataProvider.cpp */; };
		E809FB7E16D3B9300059C97F /* SubmissionWriter.cpp in Sources */ = {isa = PBXBuildFile; fileRef = E809FB7C16D3B9300059C97F /* SubmissionWriter.cpp */; };
		E81DCC5F16B7203A00635258 /* main.cpp in Sources */ = {isa = PBXBuildFile; fileRef = E81DCC5E16B7203A00635258 /* main.cpp */; };
		E81DCC6116B7203A00635258 /* CFormsFlattener.1 in CopyFiles */ = {isa = PBXBuildFile; fileRef = E81DCC6016B7203A00635258 /* CFormsFlattener.1 */; };
		E83C84D016D4FE1400977D5D /* config in CopyFiles */ = {isa = PBXBuildFile; fileRef = E83C84CF16D4FDBD00977D5D /* config */; };
		E867550E16D3D3B300589384 /* MySQLDataProvider.cpp in Sources */ = {isa = PBXBuildFile; fileRef = E867550C16D3D3B300589384 /* MySQLDataProvider.cpp */; };
		E867553116D42DEA00589384 /* libmysqlcppconn.6.dylib in Frameworks */ = {isa = PBXBuildFile; fileRef = E867553016D42DEA00589384 /* libmysqlcppconn.6.dylib */; };
		E867553216D42DFD00589384 /* libmysqlcppconn.6.dylib in CopyFiles */ = {isa = PBXBuildFile; fileRef = E867553016D42DEA00589384 /* libmysqlcppconn.6.dylib */; };
/* End PBXBuildFile section */

/* Begin PBXCopyFilesBuildPhase section */
		E81DCC5816B7203A00635258 /* CopyFiles */ = {
			isa = PBXCopyFilesBuildPhase;
			buildActionMask = 2147483647;
			dstPath = /usr/share/man/man1/;
			dstSubfolderSpec = 0;
			files = (
				E81DCC6116B7203A00635258 /* CFormsFlattener.1 in CopyFiles */,
			);
			runOnlyForDeploymentPostprocessing = 1;
		};
		E867552216D42C0100589384 /* CopyFiles */ = {
			isa = PBXCopyFilesBuildPhase;
			buildActionMask = 2147483647;
			dstPath = "";
			dstSubfolderSpec = 6;
			files = (
				E83C84D016D4FE1400977D5D /* config in CopyFiles */,
				E867553216D42DFD00589384 /* libmysqlcppconn.6.dylib in CopyFiles */,
			);
			runOnlyForDeploymentPostprocessing = 0;
		};
/* End PBXCopyFilesBuildPhase section */

/* Begin PBXFileReference section */
		E809FB7216D269680059C97F /* Submission.cpp */ = {isa = PBXFileReference; fileEncoding = 4; lastKnownFileType = sourcecode.cpp.cpp; path = Submission.cpp; sourceTree = "<group>"; };
		E809FB7316D269680059C97F /* Submission.h */ = {isa = PBXFileReference; fileEncoding = 4; lastKnownFileType = sourcecode.c.h; path = Submission.h; sourceTree = "<group>"; };
		E809FB7516D2728C0059C97F /* SubmissionProcessor.cpp */ = {isa = PBXFileReference; fileEncoding = 4; lastKnownFileType = sourcecode.cpp.cpp; path = SubmissionProcessor.cpp; sourceTree = "<group>"; };
		E809FB7616D2728C0059C97F /* SubmissionProcessor.h */ = {isa = PBXFileReference; fileEncoding = 4; lastKnownFileType = sourcecode.c.h; path = SubmissionProcessor.h; sourceTree = "<group>"; };
		E809FB7816D2749E0059C97F /* CFormsDataProvider.h */ = {isa = PBXFileReference; lastKnownFileType = sourcecode.c.h; path = CFormsDataProvider.h; sourceTree = "<group>"; };
		E809FB7916D3A8E00059C97F /* PseudoDataProvider.cpp */ = {isa = PBXFileReference; fileEncoding = 4; lastKnownFileType = sourcecode.cpp.cpp; path = PseudoDataProvider.cpp; sourceTree = "<group>"; };
		E809FB7A16D3A8E00059C97F /* PseudoDataProvider.h */ = {isa = PBXFileReference; fileEncoding = 4; lastKnownFileType = sourcecode.c.h; path = PseudoDataProvider.h; sourceTree = "<group>"; };
		E809FB7C16D3B9300059C97F /* SubmissionWriter.cpp */ = {isa = PBXFileReference; fileEncoding = 4; lastKnownFileType = sourcecode.cpp.cpp; path = SubmissionWriter.cpp; sourceTree = "<group>"; };
		E809FB7D16D3B9300059C97F /* SubmissionWriter.h */ = {isa = PBXFileReference; fileEncoding = 4; lastKnownFileType = sourcecode.c.h; path = SubmissionWriter.h; sourceTree = "<group>"; };
		E81DCC5A16B7203A00635258 /* CFormsFlattener */ = {isa = PBXFileReference; explicitFileType = "compiled.mach-o.executable"; includeInIndex = 0; path = CFormsFlattener; sourceTree = BUILT_PRODUCTS_DIR; };
		E81DCC5E16B7203A00635258 /* main.cpp */ = {isa = PBXFileReference; lastKnownFileType = sourcecode.cpp.cpp; path = main.cpp; sourceTree = "<group>"; };
		E81DCC6016B7203A00635258 /* CFormsFlattener.1 */ = {isa = PBXFileReference; lastKnownFileType = text.man; path = CFormsFlattener.1; sourceTree = "<group>"; };
		E83C84CC16D4FA7900977D5D /* Config.h */ = {isa = PBXFileReference; fileEncoding = 4; lastKnownFileType = sourcecode.c.h; path = Config.h; sourceTree = "<group>"; };
		E83C84CF16D4FDBD00977D5D /* config */ = {isa = PBXFileReference; fileEncoding = 4; lastKnownFileType = text; path = config; sourceTree = "<group>"; };
		E867550C16D3D3B300589384 /* MySQLDataProvider.cpp */ = {isa = PBXFileReference; fileEncoding = 4; lastKnownFileType = sourcecode.cpp.cpp; path = MySQLDataProvider.cpp; sourceTree = "<group>"; };
		E867550D16D3D3B300589384 /* MySQLDataProvider.h */ = {isa = PBXFileReference; fileEncoding = 4; lastKnownFileType = sourcecode.c.h; path = MySQLDataProvider.h; sourceTree = "<group>"; };
		E867553016D42DEA00589384 /* libmysqlcppconn.6.dylib */ = {isa = PBXFileReference; lastKnownFileType = "compiled.mach-o.dylib"; name = libmysqlcppconn.6.dylib; path = Lib/mysql/lib/libmysqlcppconn.6.dylib; sourceTree = SOURCE_ROOT; };
/* End PBXFileReference section */

/* Begin PBXFrameworksBuildPhase section */
		E81DCC5716B7203A00635258 /* Frameworks */ = {
			isa = PBXFrameworksBuildPhase;
			buildActionMask = 2147483647;
			files = (
				E867553116D42DEA00589384 /* libmysqlcppconn.6.dylib in Frameworks */,
			);
			runOnlyForDeploymentPostprocessing = 0;
		};
/* End PBXFrameworksBuildPhase section */

/* Begin PBXGroup section */
		E809FB7116D269570059C97F /* Model */ = {
			isa = PBXGroup;
			children = (
				E83C84CC16D4FA7900977D5D /* Config.h */,
				E809FB7316D269680059C97F /* Submission.h */,
				E809FB7216D269680059C97F /* Submission.cpp */,
				E809FB7616D2728C0059C97F /* SubmissionProcessor.h */,
				E809FB7516D2728C0059C97F /* SubmissionProcessor.cpp */,
				E809FB7D16D3B9300059C97F /* SubmissionWriter.h */,
				E809FB7C16D3B9300059C97F /* SubmissionWriter.cpp */,
			);
			name = Model;
			sourceTree = "<group>";
		};
		E81DCC4F16B7203A00635258 = {
			isa = PBXGroup;
			children = (
				E81DCC5D16B7203A00635258 /* CFormsFlattener */,
				E81DCC5B16B7203A00635258 /* Products */,
			);
			sourceTree = "<group>";
		};
		E81DCC5B16B7203A00635258 /* Products */ = {
			isa = PBXGroup;
			children = (
				E81DCC5A16B7203A00635258 /* CFormsFlattener */,
			);
			name = Products;
			sourceTree = "<group>";
		};
		E81DCC5D16B7203A00635258 /* CFormsFlattener */ = {
			isa = PBXGroup;
			children = (
				E83C84CE16D4FD9E00977D5D /* Resources */,
				E81DCC6F16B72CA600635258 /* Classes */,
				E81DCC5E16B7203A00635258 /* main.cpp */,
				E81DCC6016B7203A00635258 /* CFormsFlattener.1 */,
			);
			path = CFormsFlattener;
			sourceTree = "<group>";
		};
		E81DCC6F16B72CA600635258 /* Classes */ = {
			isa = PBXGroup;
			children = (
				E809FB7116D269570059C97F /* Model */,
				E88DC85416B806940022530C /* Data Providers */,
			);
			name = Classes;
			sourceTree = "<group>";
		};
		E83C84CE16D4FD9E00977D5D /* Resources */ = {
			isa = PBXGroup;
			children = (
				E867553016D42DEA00589384 /* libmysqlcppconn.6.dylib */,
				E83C84CF16D4FDBD00977D5D /* config */,
			);
			name = Resources;
			sourceTree = "<group>";
		};
		E88DC85416B806940022530C /* Data Providers */ = {
			isa = PBXGroup;
			children = (
				E809FB7816D2749E0059C97F /* CFormsDataProvider.h */,
				E809FB7A16D3A8E00059C97F /* PseudoDataProvider.h */,
				E809FB7916D3A8E00059C97F /* PseudoDataProvider.cpp */,
				E867550D16D3D3B300589384 /* MySQLDataProvider.h */,
				E867550C16D3D3B300589384 /* MySQLDataProvider.cpp */,
			);
			name = "Data Providers";
			sourceTree = "<group>";
		};
/* End PBXGroup section */

/* Begin PBXNativeTarget section */
		E81DCC5916B7203A00635258 /* CFormsFlattener */ = {
			isa = PBXNativeTarget;
			buildConfigurationList = E81DCC6416B7203A00635258 /* Build configuration list for PBXNativeTarget "CFormsFlattener" */;
			buildPhases = (
				E81DCC5616B7203A00635258 /* Sources */,
				E81DCC5716B7203A00635258 /* Frameworks */,
				E81DCC5816B7203A00635258 /* CopyFiles */,
				E867552216D42C0100589384 /* CopyFiles */,
			);
			buildRules = (
			);
			dependencies = (
			);
			name = CFormsFlattener;
			productName = CFormsFlattener;
			productReference = E81DCC5A16B7203A00635258 /* CFormsFlattener */;
			productType = "com.apple.product-type.tool";
		};
/* End PBXNativeTarget section */

/* Begin PBXProject section */
		E81DCC5116B7203A00635258 /* Project object */ = {
			isa = PBXProject;
			attributes = {
				LastUpgradeCheck = 0450;
				ORGANIZATIONNAME = "David Muto";
			};
			buildConfigurationList = E81DCC5416B7203A00635258 /* Build configuration list for PBXProject "CFormsFlattener" */;
			compatibilityVersion = "Xcode 3.2";
			developmentRegion = English;
			hasScannedForEncodings = 0;
			knownRegions = (
				en,
			);
			mainGroup = E81DCC4F16B7203A00635258;
			productRefGroup = E81DCC5B16B7203A00635258 /* Products */;
			projectDirPath = "";
			projectRoot = "";
			targets = (
				E81DCC5916B7203A00635258 /* CFormsFlattener */,
			);
		};
/* End PBXProject section */

/* Begin PBXSourcesBuildPhase section */
		E81DCC5616B7203A00635258 /* Sources */ = {
			isa = PBXSourcesBuildPhase;
			buildActionMask = 2147483647;
			files = (
				E81DCC5F16B7203A00635258 /* main.cpp in Sources */,
				E809FB7416D269680059C97F /* Submission.cpp in Sources */,
				E809FB7716D2728C0059C97F /* SubmissionProcessor.cpp in Sources */,
				E809FB7B16D3A8E00059C97F /* PseudoDataProvider.cpp in Sources */,
				E809FB7E16D3B9300059C97F /* SubmissionWriter.cpp in Sources */,
				E867550E16D3D3B300589384 /* MySQLDataProvider.cpp in Sources */,
			);
			runOnlyForDeploymentPostprocessing = 0;
		};
/* End PBXSourcesBuildPhase section */

/* Begin XCBuildConfiguration section */
		E81DCC6216B7203A00635258 /* Debug */ = {
			isa = XCBuildConfiguration;
			buildSettings = {
				ALWAYS_SEARCH_USER_PATHS = NO;
				ARCHS = "$(ARCHS_STANDARD_32_BIT)";
				CLANG_CXX_LANGUAGE_STANDARD = "gnu++0x";
				CLANG_CXX_LIBRARY = "libstdc++";
				CLANG_WARN_EMPTY_BODY = YES;
				CLANG_WARN__DUPLICATE_METHOD_MATCH = YES;
				COPY_PHASE_STRIP = NO;
				GCC_C_LANGUAGE_STANDARD = gnu99;
				GCC_DYNAMIC_NO_PIC = NO;
				GCC_ENABLE_OBJC_EXCEPTIONS = YES;
				GCC_OPTIMIZATION_LEVEL = 0;
				GCC_PREPROCESSOR_DEFINITIONS = (
					"DEBUG=1",
					"$(inherited)",
				);
				GCC_SYMBOLS_PRIVATE_EXTERN = NO;
				GCC_VERSION = "";
				GCC_WARN_64_TO_32_BIT_CONVERSION = YES;
				GCC_WARN_ABOUT_RETURN_TYPE = YES;
				GCC_WARN_UNINITIALIZED_AUTOS = YES;
				GCC_WARN_UNUSED_VARIABLE = YES;
				HEADER_SEARCH_PATHS = (
					"$(SRCROOT)/Lib",
					"$(SRCROOT)/Lib/mysql",
				);
				LIBRARY_SEARCH_PATHS = "$(SRCROOT)/Lib/mysql/lib";
				MACOSX_DEPLOYMENT_TARGET = 10.8;
				ONLY_ACTIVE_ARCH = YES;
				OTHER_LDFLAGS = "-lmysqlcppconn";
				SDKROOT = macosx;
				VALID_ARCHS = "i386 x86_64";
			};
			name = Debug;
		};
		E81DCC6316B7203A00635258 /* Release */ = {
			isa = XCBuildConfiguration;
			buildSettings = {
				ALWAYS_SEARCH_USER_PATHS = NO;
				ARCHS = "$(ARCHS_STANDARD_32_BIT)";
				CLANG_CXX_LANGUAGE_STANDARD = "gnu++0x";
				CLANG_CXX_LIBRARY = "libstdc++";
				CLANG_WARN_EMPTY_BODY = YES;
				CLANG_WARN__DUPLICATE_METHOD_MATCH = YES;
				COPY_PHASE_STRIP = YES;
				DEBUG_INFORMATION_FORMAT = "dwarf-with-dsym";
				GCC_C_LANGUAGE_STANDARD = gnu99;
				GCC_ENABLE_OBJC_EXCEPTIONS = YES;
				GCC_VERSION = "";
				GCC_WARN_64_TO_32_BIT_CONVERSION = YES;
				GCC_WARN_ABOUT_RETURN_TYPE = YES;
				GCC_WARN_UNINITIALIZED_AUTOS = YES;
				GCC_WARN_UNUSED_VARIABLE = YES;
				HEADER_SEARCH_PATHS = (
					"$(SRCROOT)/Lib",
					"$(SRCROOT)/Lib/mysql",
				);
				LIBRARY_SEARCH_PATHS = "$(SRCROOT)/Lib/mysql/lib";
				MACOSX_DEPLOYMENT_TARGET = 10.8;
				OTHER_LDFLAGS = "-lmysqlcppconn";
				SDKROOT = macosx;
				VALID_ARCHS = "i386 x86_64";
			};
			name = Release;
		};
		E81DCC6516B7203A00635258 /* Debug */ = {
			isa = XCBuildConfiguration;
			buildSettings = {
				LIBRARY_SEARCH_PATHS = (
					"$(inherited)",
					"\"$(SRCROOT)/Lib/mysql\"",
					"\"$(SRCROOT)/Lib/mysql/lib\"",
				);
				PRODUCT_NAME = "$(TARGET_NAME)";
			};
			name = Debug;
		};
		E81DCC6616B7203A00635258 /* Release */ = {
			isa = XCBuildConfiguration;
			buildSettings = {
				LIBRARY_SEARCH_PATHS = (
					"$(inherited)",
					"\"$(SRCROOT)/Lib/mysql\"",
					"\"$(SRCROOT)/Lib/mysql/lib\"",
				);
				PRODUCT_NAME = "$(TARGET_NAME)";
			};
			name = Release;
		};
/* End XCBuildConfiguration section */

/* Begin XCConfigurationList section */
		E81DCC5416B7203A00635258 /* Build configuration list for PBXProject "CFormsFlattener" */ = {
			isa = XCConfigurationList;
			buildConfigurations = (
				E81DCC6216B7203A00635258 /* Debug */,
				E81DCC6316B7203A00635258 /* Release */,
			);
			defaultConfigurationIsVisible = 0;
			defaultConfigurationName = Release;
		};
		E81DCC6416B7203A00635258 /* Build configuration list for PBXNativeTarget "CFormsFlattener" */ = {
			isa = XCConfigurationList;
			buildConfigurations = (
				E81DCC6516B7203A00635258 /* Debug */,
				E81DCC6616B7203A00635258 /* Release */,
			);
			defaultConfigurationIsVisible = 0;
			defaultConfigurationName = Release;
		};
/* End XCConfigurationList section */
	};
	rootObject = E81DCC5116B7203A00635258 /* Project object */;
}
